
Microsoft Visual Studio Solution File, Format Version 12.00
# Visual Studio 15
VisualStudioVersion = 15.0.26124.0
MinimumVisualStudioVersion = 15.0.26124.0
Project("{2150E333-8FDC-42A3-9474-1A3956D46DE8}") = "src", "src", "{EBE654DB-EDA8-4601-8E65-15D7C56E6661}"
EndProject
Project("{F2A71F9B-5D33-465A-A702-920D77279786}") = "FSharp.Data.GraphQL.Shared", "src\FSharp.Data.GraphQL.Shared\FSharp.Data.GraphQL.Shared.fsproj", "{BD7766E3-AAC9-450B-9C8E-942778F3EFEF}"
EndProject
Project("{F2A71F9B-5D33-465A-A702-920D77279786}") = "FSharp.Data.GraphQL.Server", "src\FSharp.Data.GraphQL.Server\FSharp.Data.GraphQL.Server.fsproj", "{2767CDCE-EA89-4A3F-862D-301A02470C9B}"
EndProject
Project("{2150E333-8FDC-42A3-9474-1A3956D46DE8}") = "tests", "tests", "{685D5312-4D09-4D27-9459-5C159A494032}"
EndProject
Project("{F2A71F9B-5D33-465A-A702-920D77279786}") = "FSharp.Data.GraphQL.Tests", "tests\FSharp.Data.GraphQL.Tests\FSharp.Data.GraphQL.Tests.fsproj", "{0BE8BC95-0A14-4A40-9BB0-B42FF8C16473}"
EndProject
Global
	GlobalSection(SolutionConfigurationPlatforms) = preSolution
		Debug|Any CPU = Debug|Any CPU
		Debug|x64 = Debug|x64
		Debug|x86 = Debug|x86
		Release|Any CPU = Release|Any CPU
		Release|x64 = Release|x64
		Release|x86 = Release|x86
	EndGlobalSection
	GlobalSection(SolutionProperties) = preSolution
		HideSolutionNode = FALSE
	EndGlobalSection
	GlobalSection(ProjectConfigurationPlatforms) = postSolution
		{BD7766E3-AAC9-450B-9C8E-942778F3EFEF}.Debug|Any CPU.ActiveCfg = Debug|Any CPU
		{BD7766E3-AAC9-450B-9C8E-942778F3EFEF}.Debug|Any CPU.Build.0 = Debug|Any CPU
		{BD7766E3-AAC9-450B-9C8E-942778F3EFEF}.Debug|x64.ActiveCfg = Debug|Any CPU
		{BD7766E3-AAC9-450B-9C8E-942778F3EFEF}.Debug|x64.Build.0 = Debug|Any CPU
		{BD7766E3-AAC9-450B-9C8E-942778F3EFEF}.Debug|x86.ActiveCfg = Debug|Any CPU
		{BD7766E3-AAC9-450B-9C8E-942778F3EFEF}.Debug|x86.Build.0 = Debug|Any CPU
		{BD7766E3-AAC9-450B-9C8E-942778F3EFEF}.Release|Any CPU.ActiveCfg = Release|Any CPU
		{BD7766E3-AAC9-450B-9C8E-942778F3EFEF}.Release|Any CPU.Build.0 = Release|Any CPU
		{BD7766E3-AAC9-450B-9C8E-942778F3EFEF}.Release|x64.ActiveCfg = Release|Any CPU
		{BD7766E3-AAC9-450B-9C8E-942778F3EFEF}.Release|x64.Build.0 = Release|Any CPU
		{BD7766E3-AAC9-450B-9C8E-942778F3EFEF}.Release|x86.ActiveCfg = Release|Any CPU
		{BD7766E3-AAC9-450B-9C8E-942778F3EFEF}.Release|x86.Build.0 = Release|Any CPU
		{2767CDCE-EA89-4A3F-862D-301A02470C9B}.Debug|Any CPU.ActiveCfg = Debug|Any CPU
		{2767CDCE-EA89-4A3F-862D-301A02470C9B}.Debug|Any CPU.Build.0 = Debug|Any CPU
		{2767CDCE-EA89-4A3F-862D-301A02470C9B}.Debug|x64.ActiveCfg = Debug|Any CPU
		{2767CDCE-EA89-4A3F-862D-301A02470C9B}.Debug|x64.Build.0 = Debug|Any CPU
		{2767CDCE-EA89-4A3F-862D-301A02470C9B}.Debug|x86.ActiveCfg = Debug|Any CPU
		{2767CDCE-EA89-4A3F-862D-301A02470C9B}.Debug|x86.Build.0 = Debug|Any CPU
		{2767CDCE-EA89-4A3F-862D-301A02470C9B}.Release|Any CPU.ActiveCfg = Release|Any CPU
		{2767CDCE-EA89-4A3F-862D-301A02470C9B}.Release|Any CPU.Build.0 = Release|Any CPU
		{2767CDCE-EA89-4A3F-862D-301A02470C9B}.Release|x64.ActiveCfg = Release|Any CPU
		{2767CDCE-EA89-4A3F-862D-301A02470C9B}.Release|x64.Build.0 = Release|Any CPU
		{2767CDCE-EA89-4A3F-862D-301A02470C9B}.Release|x86.ActiveCfg = Release|Any CPU
		{2767CDCE-EA89-4A3F-862D-301A02470C9B}.Release|x86.Build.0 = Release|Any CPU
		{0BE8BC95-0A14-4A40-9BB0-B42FF8C16473}.Debug|Any CPU.ActiveCfg = Debug|Any CPU
		{0BE8BC95-0A14-4A40-9BB0-B42FF8C16473}.Debug|Any CPU.Build.0 = Debug|Any CPU
		{0BE8BC95-0A14-4A40-9BB0-B42FF8C16473}.Debug|x64.ActiveCfg = Debug|Any CPU
		{0BE8BC95-0A14-4A40-9BB0-B42FF8C16473}.Debug|x64.Build.0 = Debug|Any CPU
		{0BE8BC95-0A14-4A40-9BB0-B42FF8C16473}.Debug|x86.ActiveCfg = Debug|Any CPU
		{0BE8BC95-0A14-4A40-9BB0-B42FF8C16473}.Debug|x86.Build.0 = Debug|Any CPU
		{0BE8BC95-0A14-4A40-9BB0-B42FF8C16473}.Release|Any CPU.ActiveCfg = Release|Any CPU
		{0BE8BC95-0A14-4A40-9BB0-B42FF8C16473}.Release|Any CPU.Build.0 = Release|Any CPU
		{0BE8BC95-0A14-4A40-9BB0-B42FF8C16473}.Release|x64.ActiveCfg = Release|Any CPU
		{0BE8BC95-0A14-4A40-9BB0-B42FF8C16473}.Release|x64.Build.0 = Release|Any CPU
		{0BE8BC95-0A14-4A40-9BB0-B42FF8C16473}.Release|x86.ActiveCfg = Release|Any CPU
		{0BE8BC95-0A14-4A40-9BB0-B42FF8C16473}.Release|x86.Build.0 = Release|Any CPU
	EndGlobalSection
	GlobalSection(NestedProjects) = preSolution
		{BD7766E3-AAC9-450B-9C8E-942778F3EFEF} = {EBE654DB-EDA8-4601-8E65-15D7C56E6661}
		{2767CDCE-EA89-4A3F-862D-301A02470C9B} = {EBE654DB-EDA8-4601-8E65-15D7C56E6661}
		{0BE8BC95-0A14-4A40-9BB0-B42FF8C16473} = {685D5312-4D09-4D27-9459-5C159A494032}
	EndGlobalSection
EndGlobal
