Microsoft Visual Studio Solution File, Format Version 12.00
# Visual Studio 14
VisualStudioVersion = 14.0.25123.0
MinimumVisualStudioVersion = 10.0.40219.1
Project("{2150E333-8FDC-42A3-9474-1A3956D46DE8}") = ".paket", ".paket", "{63297B98-5CED-492C-A5B7-A5B4F73CF142}"
	ProjectSection(SolutionItems) = preProject
		paket.dependencies = paket.dependencies
		paket.lock = paket.lock
	EndProjectSection
EndProject
Project("{2150E333-8FDC-42A3-9474-1A3956D46DE8}") = "docs", "docs", "{A6A6AF7D-D6E3-442D-9B1E-58CC91879BE1}"
EndProject
Project("{F2A71F9B-5D33-465A-A702-920D77279786}") = "FSharp.Data.GraphQL", "src\FSharp.Data.GraphQL\FSharp.Data.GraphQL.fsproj", "{474179D3-0090-49E9-88F8-2971C0966077}"
EndProject
Project("{2150E333-8FDC-42A3-9474-1A3956D46DE8}") = "project", "project", "{BF60BC93-E09B-4E5F-9D85-95A519479D54}"
	ProjectSection(SolutionItems) = preProject
		build.fsx = build.fsx
		README.md = README.md
		RELEASE_NOTES.md = RELEASE_NOTES.md
	EndProjectSection
EndProject
Project("{2150E333-8FDC-42A3-9474-1A3956D46DE8}") = "tools", "tools", "{83F16175-43B1-4C90-A1EE-8E351C33435D}"
	ProjectSection(SolutionItems) = preProject
		docs\tools\generate.fsx = docs\tools\generate.fsx
		docs\tools\templates\template.cshtml = docs\tools\templates\template.cshtml
	EndProjectSection
EndProject
Project("{2150E333-8FDC-42A3-9474-1A3956D46DE8}") = "content", "content", "{8E6D5255-776D-4B61-85F9-73C37AA1FB9A}"
	ProjectSection(SolutionItems) = preProject
		docs\content\index.fsx = docs\content\index.fsx
		docs\content\tutorial.fsx = docs\content\tutorial.fsx
	EndProjectSection
EndProject
Project("{2150E333-8FDC-42A3-9474-1A3956D46DE8}") = "tests", "tests", "{ED8079DD-2B06-4030-9F0F-DC548F98E1C4}"
EndProject
Project("{F2A71F9B-5D33-465A-A702-920D77279786}") = "FSharp.Data.GraphQL.Tests", "tests\FSharp.Data.GraphQL.Tests\FSharp.Data.GraphQL.Tests.fsproj", "{54AAFE43-FA5F-485A-AD40-0240165FC633}"
EndProject
Project("{2150E333-8FDC-42A3-9474-1A3956D46DE8}") = "samples", "samples", "{B0C25450-74BF-40C2-9E02-09AADBAE2C2F}"
EndProject
Project("{F2A71F9B-5D33-465A-A702-920D77279786}") = "FSharp.Data.GraphQL.Benchmarks", "tests\FSharp.Data.GraphQL.Benchmarks\FSharp.Data.GraphQL.Benchmarks.fsproj", "{751357AE-F2B2-4B38-956E-81E0B8606C73}"
EndProject
Project("{2150E333-8FDC-42A3-9474-1A3956D46DE8}") = "graphiql-client", "graphiql-client", "{CAE5916B-1415-4982-B705-7318D77C029C}"
	ProjectSection(SolutionItems) = preProject
		samples\graphiql-client\.babelrc = samples\graphiql-client\.babelrc
		samples\graphiql-client\index.html = samples\graphiql-client\index.html
		samples\graphiql-client\index.jsx = samples\graphiql-client\index.jsx
		samples\graphiql-client\package.json = samples\graphiql-client\package.json
		samples\graphiql-client\server.fsx = samples\graphiql-client\server.fsx
		samples\graphiql-client\webpack.config.js = samples\graphiql-client\webpack.config.js
	EndProjectSection
EndProject
Project("{F2A71F9B-5D33-465A-A702-920D77279786}") = "FSharp.Data.GraphQL.Relay", "src\FSharp.Data.GraphQL.Relay\FSharp.Data.GraphQL.Relay.fsproj", "{C53B6C2C-35E0-46D1-8D01-59F19D345CB1}"
EndProject
Project("{2150E333-8FDC-42A3-9474-1A3956D46DE8}") = "relay-starter-kit", "relay-starter-kit", "{9B25360F-2CE4-43D2-AFF0-5EAA693E98F7}"
	ProjectSection(SolutionItems) = preProject
		samples\relay-starter-kit\.babelrc = samples\relay-starter-kit\.babelrc
		samples\relay-starter-kit\index.html = samples\relay-starter-kit\index.html
		samples\relay-starter-kit\index.jsx = samples\relay-starter-kit\index.jsx
		samples\relay-starter-kit\package.json = samples\relay-starter-kit\package.json
		samples\relay-starter-kit\server.fsx = samples\relay-starter-kit\server.fsx
		samples\relay-starter-kit\webpack.config.js = samples\relay-starter-kit\webpack.config.js
	EndProjectSection
EndProject
Project("{2150E333-8FDC-42A3-9474-1A3956D46DE8}") = "data", "data", "{E7139F5F-22CA-4392-8C1C-481A39EEB554}"
	ProjectSection(SolutionItems) = preProject
		samples\relay-starter-kit\data\schema.json = samples\relay-starter-kit\data\schema.json
	EndProjectSection
EndProject
Project("{2150E333-8FDC-42A3-9474-1A3956D46DE8}") = "build", "build", "{DFA5AAFF-31B8-4203-822C-8ACC4D7A7D74}"
	ProjectSection(SolutionItems) = preProject
		samples\relay-starter-kit\build\babelRelayPlugin.js = samples\relay-starter-kit\build\babelRelayPlugin.js
	EndProjectSection
EndProject
Global
	GlobalSection(SolutionConfigurationPlatforms) = preSolution
		Debug|Any CPU = Debug|Any CPU
		Release|Any CPU = Release|Any CPU
	EndGlobalSection
	GlobalSection(ProjectConfigurationPlatforms) = postSolution
		{474179D3-0090-49E9-88F8-2971C0966077}.Debug|Any CPU.ActiveCfg = Debug|Any CPU
		{474179D3-0090-49E9-88F8-2971C0966077}.Debug|Any CPU.Build.0 = Debug|Any CPU
		{474179D3-0090-49E9-88F8-2971C0966077}.Release|Any CPU.ActiveCfg = Release|Any CPU
		{474179D3-0090-49E9-88F8-2971C0966077}.Release|Any CPU.Build.0 = Release|Any CPU
		{54AAFE43-FA5F-485A-AD40-0240165FC633}.Debug|Any CPU.ActiveCfg = Debug|Any CPU
		{54AAFE43-FA5F-485A-AD40-0240165FC633}.Debug|Any CPU.Build.0 = Debug|Any CPU
		{54AAFE43-FA5F-485A-AD40-0240165FC633}.Release|Any CPU.ActiveCfg = Release|Any CPU
		{54AAFE43-FA5F-485A-AD40-0240165FC633}.Release|Any CPU.Build.0 = Release|Any CPU
		{751357AE-F2B2-4B38-956E-81E0B8606C73}.Debug|Any CPU.ActiveCfg = Debug|Any CPU
		{751357AE-F2B2-4B38-956E-81E0B8606C73}.Debug|Any CPU.Build.0 = Debug|Any CPU
		{751357AE-F2B2-4B38-956E-81E0B8606C73}.Release|Any CPU.ActiveCfg = Release|Any CPU
		{751357AE-F2B2-4B38-956E-81E0B8606C73}.Release|Any CPU.Build.0 = Release|Any CPU
		{C53B6C2C-35E0-46D1-8D01-59F19D345CB1}.Debug|Any CPU.ActiveCfg = Debug|Any CPU
		{C53B6C2C-35E0-46D1-8D01-59F19D345CB1}.Debug|Any CPU.Build.0 = Debug|Any CPU
		{C53B6C2C-35E0-46D1-8D01-59F19D345CB1}.Release|Any CPU.ActiveCfg = Release|Any CPU
		{C53B6C2C-35E0-46D1-8D01-59F19D345CB1}.Release|Any CPU.Build.0 = Release|Any CPU
	EndGlobalSection
	GlobalSection(SolutionProperties) = preSolution
		HideSolutionNode = FALSE
	EndGlobalSection
	GlobalSection(NestedProjects) = preSolution
		{83F16175-43B1-4C90-A1EE-8E351C33435D} = {A6A6AF7D-D6E3-442D-9B1E-58CC91879BE1}
		{8E6D5255-776D-4B61-85F9-73C37AA1FB9A} = {A6A6AF7D-D6E3-442D-9B1E-58CC91879BE1}
		{54AAFE43-FA5F-485A-AD40-0240165FC633} = {ED8079DD-2B06-4030-9F0F-DC548F98E1C4}
		{751357AE-F2B2-4B38-956E-81E0B8606C73} = {ED8079DD-2B06-4030-9F0F-DC548F98E1C4}
		{CAE5916B-1415-4982-B705-7318D77C029C} = {B0C25450-74BF-40C2-9E02-09AADBAE2C2F}
		{9B25360F-2CE4-43D2-AFF0-5EAA693E98F7} = {B0C25450-74BF-40C2-9E02-09AADBAE2C2F}
		{E7139F5F-22CA-4392-8C1C-481A39EEB554} = {9B25360F-2CE4-43D2-AFF0-5EAA693E98F7}
		{DFA5AAFF-31B8-4203-822C-8ACC4D7A7D74} = {9B25360F-2CE4-43D2-AFF0-5EAA693E98F7}
	EndGlobalSection
EndGlobal
