Microsoft Visual Studio Solution File, Format Version 12.00
# Visual Studio 15
VisualStudioVersion = 15.0.27130.2026
MinimumVisualStudioVersion = 10.0.40219.1
Project("{2150E333-8FDC-42A3-9474-1A3956D46DE8}") = ".paket", ".paket", "{63297B98-5CED-492C-A5B7-A5B4F73CF142}"
	ProjectSection(SolutionItems) = preProject
		paket.dependencies = paket.dependencies
		paket.lock = paket.lock
	EndProjectSection
EndProject
Project("{2150E333-8FDC-42A3-9474-1A3956D46DE8}") = "docs", "docs", "{A6A6AF7D-D6E3-442D-9B1E-58CC91879BE1}"
EndProject
Project("{6EC3EE1D-3C4E-46DD-8F32-0CC8E7565705}") = "FSharp.Data.GraphQL.Server", "src/FSharp.Data.GraphQL.Server/FSharp.Data.GraphQL.Server.fsproj", "{474179D3-0090-49E9-88F8-2971C0966077}"
EndProject
Project("{2150E333-8FDC-42A3-9474-1A3956D46DE8}") = "project", "project", "{BF60BC93-E09B-4E5F-9D85-95A519479D54}"
	ProjectSection(SolutionItems) = preProject
		build.fsx = build.fsx
		README.md = README.md
		RELEASE_NOTES.md = RELEASE_NOTES.md
	EndProjectSection
EndProject
Project("{2150E333-8FDC-42A3-9474-1A3956D46DE8}") = "tools", "tools", "{83F16175-43B1-4C90-A1EE-8E351C33435D}"
	ProjectSection(SolutionItems) = preProject
		docs/tools/generate.fsx = docs/tools/generate.fsx
		docs/tools/templates/template.cshtml = docs/tools/templates/template.cshtml
	EndProjectSection
EndProject
Project("{2150E333-8FDC-42A3-9474-1A3956D46DE8}") = "content", "content", "{8E6D5255-776D-4B61-85F9-73C37AA1FB9A}"
	ProjectSection(SolutionItems) = preProject
		docs/content/client-side.md = docs/content/client-side.md
		docs/content/execution-pipeline.md = docs/content/execution-pipeline.md
		docs/content/index.md = docs/content/index.md
		docs/content/linq.md = docs/content/linq.md
		docs/content/type-system.md = docs/content/type-system.md
	EndProjectSection
EndProject
Project("{2150E333-8FDC-42A3-9474-1A3956D46DE8}") = "tests", "tests", "{ED8079DD-2B06-4030-9F0F-DC548F98E1C4}"
EndProject
Project("{6EC3EE1D-3C4E-46DD-8F32-0CC8E7565705}") = "FSharp.Data.GraphQL.Tests", "tests/FSharp.Data.GraphQL.Tests/FSharp.Data.GraphQL.Tests.fsproj", "{54AAFE43-FA5F-485A-AD40-0240165FC633}"
EndProject
Project("{2150E333-8FDC-42A3-9474-1A3956D46DE8}") = "samples", "samples", "{B0C25450-74BF-40C2-9E02-09AADBAE2C2F}"
EndProject
Project("{2150E333-8FDC-42A3-9474-1A3956D46DE8}") = "graphiql-client", "graphiql-client", "{CAE5916B-1415-4982-B705-7318D77C029C}"
	ProjectSection(SolutionItems) = preProject
		samples/graphiql-client/.babelrc = samples/graphiql-client/.babelrc
		samples/graphiql-client/index.html = samples/graphiql-client/index.html
		samples/graphiql-client/index.jsx = samples/graphiql-client/index.jsx
		samples/graphiql-client/package.json = samples/graphiql-client/package.json
		samples/graphiql-client/server.fsx = samples/graphiql-client/server.fsx
		samples/graphiql-client/webpack.config.js = samples/graphiql-client/webpack.config.js
	EndProjectSection
EndProject
Project("{2150E333-8FDC-42A3-9474-1A3956D46DE8}") = "relay-starter-kit", "relay-starter-kit", "{9B25360F-2CE4-43D2-AFF0-5EAA693E98F7}"
	ProjectSection(SolutionItems) = preProject
		samples/relay-starter-kit/.babelrc = samples/relay-starter-kit/.babelrc
		samples/relay-starter-kit/index.html = samples/relay-starter-kit/index.html
		samples/relay-starter-kit/index.jsx = samples/relay-starter-kit/index.jsx
		samples/relay-starter-kit/package.json = samples/relay-starter-kit/package.json
		samples/relay-starter-kit/server.fsx = samples/relay-starter-kit/server.fsx
		samples/relay-starter-kit/webpack.config.js = samples/relay-starter-kit/webpack.config.js
	EndProjectSection
EndProject
Project("{2150E333-8FDC-42A3-9474-1A3956D46DE8}") = "data", "data", "{E7139F5F-22CA-4392-8C1C-481A39EEB554}"
	ProjectSection(SolutionItems) = preProject
		samples/relay-starter-kit/data/schema.json = samples/relay-starter-kit/data/schema.json
	EndProjectSection
EndProject
Project("{2150E333-8FDC-42A3-9474-1A3956D46DE8}") = "build", "build", "{DFA5AAFF-31B8-4203-822C-8ACC4D7A7D74}"
	ProjectSection(SolutionItems) = preProject
		samples/relay-starter-kit/build/babelRelayPlugin.js = samples/relay-starter-kit/build/babelRelayPlugin.js
	EndProjectSection
EndProject
Project("{6EC3EE1D-3C4E-46DD-8F32-0CC8E7565705}") = "FSharp.Data.GraphQL.Client", "src/FSharp.Data.GraphQL.Client/FSharp.Data.GraphQL.Client.fsproj", "{7C9CC625-FB4E-4215-9F7C-494AA6043821}"
EndProject
Project("{2150E333-8FDC-42A3-9474-1A3956D46DE8}") = "client-provider", "client-provider", "{3D948D55-3CD2-496D-A04C-3B4E7BB69140}"
	ProjectSection(SolutionItems) = preProject
		samples/client-provider/query.fsx = samples/client-provider/query.fsx
	EndProjectSection
EndProject
Project("{6EC3EE1D-3C4E-46DD-8F32-0CC8E7565705}") = "FSharp.Data.GraphQL.Shared", "src/FSharp.Data.GraphQL.Shared/FSharp.Data.GraphQL.Shared.fsproj", "{6768EA38-1335-4B8E-BC09-CCDED1F9AAF6}"
EndProject
Project("{2150E333-8FDC-42A3-9474-1A3956D46DE8}") = "todo-graphql", "todo-graphql", "{766203BF-7108-418F-BE92-87E7006E5E94}"
	ProjectSection(SolutionItems) = preProject
		samples/todo-graphql/client.fsx = samples/todo-graphql/client.fsx
		samples/todo-graphql/fableconfig.json = samples/todo-graphql/fableconfig.json
		samples/todo-graphql/files.fsx = samples/todo-graphql/files.fsx
		samples/todo-graphql/index.html = samples/todo-graphql/index.html
		samples/todo-graphql/package.json = samples/todo-graphql/package.json
		samples/todo-graphql/server.fsx = samples/todo-graphql/server.fsx
	EndProjectSection
EndProject
Project("{2150E333-8FDC-42A3-9474-1A3956D46DE8}") = "data", "data", "{D381D216-2464-4F84-8DFF-2CB2F2507DDE}"
	ProjectSection(SolutionItems) = preProject
		samples/todo-graphql/data/tasks.json = samples/todo-graphql/data/tasks.json
	EndProjectSection
EndProject
Project("{6EC3EE1D-3C4E-46DD-8F32-0CC8E7565705}") = "FSharp.Data.GraphQL.Samples.GiraffeServer", "src/FSharp.Data.GraphQL.Samples.GiraffeServer/FSharp.Data.GraphQL.Samples.GiraffeServer.fsproj", "{C7DA852B-D30A-4209-B767-640224C7C31E}"
EndProject
Project("{2150E333-8FDC-42A3-9474-1A3956D46DE8}") = "src", "src", "{BEFD8748-2467-45F9-A4AD-B450B12D5F78}"
EndProject
Project("{6EC3EE1D-3C4E-46DD-8F32-0CC8E7565705}") = "FSharp.Data.GraphQL.Server.Middlewares", "src/FSharp.Data.GraphQL.Server.Middlewares/FSharp.Data.GraphQL.Server.Middlewares.fsproj", "{8FB23F61-77CB-42C7-8EEC-B22D7C4E4067}"
EndProject
Project("{6EC3EE1D-3C4E-46DD-8F32-0CC8E7565705}") = "FSharp.Data.GraphQL.Benchmarks", "tests/FSharp.Data.GraphQL.Benchmarks/FSharp.Data.GraphQL.Benchmarks.fsproj", "{A6A162DF-9FBB-4C2A-913F-FD5FED35A09B}"
EndProject
Global
	GlobalSection(SolutionConfigurationPlatforms) = preSolution
		Debug|Any CPU = Debug|Any CPU
		Debug|x64 = Debug|x64
		Debug|x86 = Debug|x86
		Release|Any CPU = Release|Any CPU
		Release|x64 = Release|x64
		Release|x86 = Release|x86
	EndGlobalSection
	GlobalSection(ProjectConfigurationPlatforms) = postSolution
		{474179D3-0090-49E9-88F8-2971C0966077}.Debug|Any CPU.ActiveCfg = Debug|Any CPU
		{474179D3-0090-49E9-88F8-2971C0966077}.Debug|Any CPU.Build.0 = Debug|Any CPU
		{474179D3-0090-49E9-88F8-2971C0966077}.Debug|x64.ActiveCfg = Debug|Any CPU
		{474179D3-0090-49E9-88F8-2971C0966077}.Debug|x64.Build.0 = Debug|Any CPU
		{474179D3-0090-49E9-88F8-2971C0966077}.Debug|x86.ActiveCfg = Debug|Any CPU
		{474179D3-0090-49E9-88F8-2971C0966077}.Debug|x86.Build.0 = Debug|Any CPU
		{474179D3-0090-49E9-88F8-2971C0966077}.Release|Any CPU.ActiveCfg = Release|Any CPU
		{474179D3-0090-49E9-88F8-2971C0966077}.Release|Any CPU.Build.0 = Release|Any CPU
		{474179D3-0090-49E9-88F8-2971C0966077}.Release|x64.ActiveCfg = Release|Any CPU
		{474179D3-0090-49E9-88F8-2971C0966077}.Release|x64.Build.0 = Release|Any CPU
		{474179D3-0090-49E9-88F8-2971C0966077}.Release|x86.ActiveCfg = Release|Any CPU
		{474179D3-0090-49E9-88F8-2971C0966077}.Release|x86.Build.0 = Release|Any CPU
		{54AAFE43-FA5F-485A-AD40-0240165FC633}.Debug|Any CPU.ActiveCfg = Debug|Any CPU
		{54AAFE43-FA5F-485A-AD40-0240165FC633}.Debug|Any CPU.Build.0 = Debug|Any CPU
		{54AAFE43-FA5F-485A-AD40-0240165FC633}.Debug|x64.ActiveCfg = Debug|Any CPU
		{54AAFE43-FA5F-485A-AD40-0240165FC633}.Debug|x64.Build.0 = Debug|Any CPU
		{54AAFE43-FA5F-485A-AD40-0240165FC633}.Debug|x86.ActiveCfg = Debug|Any CPU
		{54AAFE43-FA5F-485A-AD40-0240165FC633}.Debug|x86.Build.0 = Debug|Any CPU
		{54AAFE43-FA5F-485A-AD40-0240165FC633}.Release|Any CPU.ActiveCfg = Release|Any CPU
		{54AAFE43-FA5F-485A-AD40-0240165FC633}.Release|Any CPU.Build.0 = Release|Any CPU
		{54AAFE43-FA5F-485A-AD40-0240165FC633}.Release|x64.ActiveCfg = Release|Any CPU
		{54AAFE43-FA5F-485A-AD40-0240165FC633}.Release|x64.Build.0 = Release|Any CPU
		{54AAFE43-FA5F-485A-AD40-0240165FC633}.Release|x86.ActiveCfg = Release|Any CPU
		{54AAFE43-FA5F-485A-AD40-0240165FC633}.Release|x86.Build.0 = Release|Any CPU
		{7C9CC625-FB4E-4215-9F7C-494AA6043821}.Debug|Any CPU.ActiveCfg = Debug|Any CPU
		{7C9CC625-FB4E-4215-9F7C-494AA6043821}.Debug|Any CPU.Build.0 = Debug|Any CPU
		{7C9CC625-FB4E-4215-9F7C-494AA6043821}.Debug|x64.ActiveCfg = Debug|Any CPU
		{7C9CC625-FB4E-4215-9F7C-494AA6043821}.Debug|x64.Build.0 = Debug|Any CPU
		{7C9CC625-FB4E-4215-9F7C-494AA6043821}.Debug|x86.ActiveCfg = Debug|Any CPU
		{7C9CC625-FB4E-4215-9F7C-494AA6043821}.Debug|x86.Build.0 = Debug|Any CPU
		{7C9CC625-FB4E-4215-9F7C-494AA6043821}.Release|Any CPU.ActiveCfg = Release|Any CPU
		{7C9CC625-FB4E-4215-9F7C-494AA6043821}.Release|Any CPU.Build.0 = Release|Any CPU
		{7C9CC625-FB4E-4215-9F7C-494AA6043821}.Release|x64.ActiveCfg = Release|Any CPU
		{7C9CC625-FB4E-4215-9F7C-494AA6043821}.Release|x64.Build.0 = Release|Any CPU
		{7C9CC625-FB4E-4215-9F7C-494AA6043821}.Release|x86.ActiveCfg = Release|Any CPU
		{7C9CC625-FB4E-4215-9F7C-494AA6043821}.Release|x86.Build.0 = Release|Any CPU
		{6768EA38-1335-4B8E-BC09-CCDED1F9AAF6}.Debug|Any CPU.ActiveCfg = Debug|Any CPU
		{6768EA38-1335-4B8E-BC09-CCDED1F9AAF6}.Debug|Any CPU.Build.0 = Debug|Any CPU
		{6768EA38-1335-4B8E-BC09-CCDED1F9AAF6}.Debug|x64.ActiveCfg = Debug|Any CPU
		{6768EA38-1335-4B8E-BC09-CCDED1F9AAF6}.Debug|x64.Build.0 = Debug|Any CPU
		{6768EA38-1335-4B8E-BC09-CCDED1F9AAF6}.Debug|x86.ActiveCfg = Debug|Any CPU
		{6768EA38-1335-4B8E-BC09-CCDED1F9AAF6}.Debug|x86.Build.0 = Debug|Any CPU
		{6768EA38-1335-4B8E-BC09-CCDED1F9AAF6}.Release|Any CPU.ActiveCfg = Release|Any CPU
		{6768EA38-1335-4B8E-BC09-CCDED1F9AAF6}.Release|Any CPU.Build.0 = Release|Any CPU
		{6768EA38-1335-4B8E-BC09-CCDED1F9AAF6}.Release|x64.ActiveCfg = Release|Any CPU
		{6768EA38-1335-4B8E-BC09-CCDED1F9AAF6}.Release|x64.Build.0 = Release|Any CPU
		{6768EA38-1335-4B8E-BC09-CCDED1F9AAF6}.Release|x86.ActiveCfg = Release|Any CPU
		{6768EA38-1335-4B8E-BC09-CCDED1F9AAF6}.Release|x86.Build.0 = Release|Any CPU
		{C7DA852B-D30A-4209-B767-640224C7C31E}.Debug|Any CPU.ActiveCfg = Debug|Any CPU
		{C7DA852B-D30A-4209-B767-640224C7C31E}.Debug|Any CPU.Build.0 = Debug|Any CPU
		{C7DA852B-D30A-4209-B767-640224C7C31E}.Debug|x64.ActiveCfg = Debug|Any CPU
		{C7DA852B-D30A-4209-B767-640224C7C31E}.Debug|x64.Build.0 = Debug|Any CPU
		{C7DA852B-D30A-4209-B767-640224C7C31E}.Debug|x86.ActiveCfg = Debug|Any CPU
		{C7DA852B-D30A-4209-B767-640224C7C31E}.Debug|x86.Build.0 = Debug|Any CPU
		{C7DA852B-D30A-4209-B767-640224C7C31E}.Release|Any CPU.ActiveCfg = Release|Any CPU
		{C7DA852B-D30A-4209-B767-640224C7C31E}.Release|Any CPU.Build.0 = Release|Any CPU
		{C7DA852B-D30A-4209-B767-640224C7C31E}.Release|x64.ActiveCfg = Release|Any CPU
		{C7DA852B-D30A-4209-B767-640224C7C31E}.Release|x64.Build.0 = Release|Any CPU
		{C7DA852B-D30A-4209-B767-640224C7C31E}.Release|x86.ActiveCfg = Release|Any CPU
		{C7DA852B-D30A-4209-B767-640224C7C31E}.Release|x86.Build.0 = Release|Any CPU
		{8FB23F61-77CB-42C7-8EEC-B22D7C4E4067}.Debug|Any CPU.ActiveCfg = Debug|Any CPU
		{8FB23F61-77CB-42C7-8EEC-B22D7C4E4067}.Debug|Any CPU.Build.0 = Debug|Any CPU
		{8FB23F61-77CB-42C7-8EEC-B22D7C4E4067}.Debug|x64.ActiveCfg = Debug|Any CPU
		{8FB23F61-77CB-42C7-8EEC-B22D7C4E4067}.Debug|x64.Build.0 = Debug|Any CPU
		{8FB23F61-77CB-42C7-8EEC-B22D7C4E4067}.Debug|x86.ActiveCfg = Debug|Any CPU
		{8FB23F61-77CB-42C7-8EEC-B22D7C4E4067}.Debug|x86.Build.0 = Debug|Any CPU
		{8FB23F61-77CB-42C7-8EEC-B22D7C4E4067}.Release|Any CPU.ActiveCfg = Release|Any CPU
		{8FB23F61-77CB-42C7-8EEC-B22D7C4E4067}.Release|Any CPU.Build.0 = Release|Any CPU
		{8FB23F61-77CB-42C7-8EEC-B22D7C4E4067}.Release|x64.ActiveCfg = Release|Any CPU
		{8FB23F61-77CB-42C7-8EEC-B22D7C4E4067}.Release|x64.Build.0 = Release|Any CPU
		{8FB23F61-77CB-42C7-8EEC-B22D7C4E4067}.Release|x86.ActiveCfg = Release|Any CPU
		{8FB23F61-77CB-42C7-8EEC-B22D7C4E4067}.Release|x86.Build.0 = Release|Any CPU
		{A6A162DF-9FBB-4C2A-913F-FD5FED35A09B}.Debug|Any CPU.ActiveCfg = Debug|Any CPU
		{A6A162DF-9FBB-4C2A-913F-FD5FED35A09B}.Debug|Any CPU.Build.0 = Debug|Any CPU
		{A6A162DF-9FBB-4C2A-913F-FD5FED35A09B}.Debug|x64.ActiveCfg = Debug|Any CPU
		{A6A162DF-9FBB-4C2A-913F-FD5FED35A09B}.Debug|x64.Build.0 = Debug|Any CPU
		{A6A162DF-9FBB-4C2A-913F-FD5FED35A09B}.Debug|x86.ActiveCfg = Debug|Any CPU
		{A6A162DF-9FBB-4C2A-913F-FD5FED35A09B}.Debug|x86.Build.0 = Debug|Any CPU
		{A6A162DF-9FBB-4C2A-913F-FD5FED35A09B}.Release|Any CPU.ActiveCfg = Release|Any CPU
		{A6A162DF-9FBB-4C2A-913F-FD5FED35A09B}.Release|Any CPU.Build.0 = Release|Any CPU
		{A6A162DF-9FBB-4C2A-913F-FD5FED35A09B}.Release|x64.ActiveCfg = Release|Any CPU
		{A6A162DF-9FBB-4C2A-913F-FD5FED35A09B}.Release|x64.Build.0 = Release|Any CPU
		{A6A162DF-9FBB-4C2A-913F-FD5FED35A09B}.Release|x86.ActiveCfg = Release|Any CPU
		{A6A162DF-9FBB-4C2A-913F-FD5FED35A09B}.Release|x86.Build.0 = Release|Any CPU
	EndGlobalSection
	GlobalSection(SolutionProperties) = preSolution
		HideSolutionNode = FALSE
	EndGlobalSection
	GlobalSection(NestedProjects) = preSolution
		{474179D3-0090-49E9-88F8-2971C0966077} = {BEFD8748-2467-45F9-A4AD-B450B12D5F78}
		{83F16175-43B1-4C90-A1EE-8E351C33435D} = {A6A6AF7D-D6E3-442D-9B1E-58CC91879BE1}
		{8E6D5255-776D-4B61-85F9-73C37AA1FB9A} = {A6A6AF7D-D6E3-442D-9B1E-58CC91879BE1}
		{54AAFE43-FA5F-485A-AD40-0240165FC633} = {ED8079DD-2B06-4030-9F0F-DC548F98E1C4}
		{CAE5916B-1415-4982-B705-7318D77C029C} = {B0C25450-74BF-40C2-9E02-09AADBAE2C2F}
		{9B25360F-2CE4-43D2-AFF0-5EAA693E98F7} = {B0C25450-74BF-40C2-9E02-09AADBAE2C2F}
		{E7139F5F-22CA-4392-8C1C-481A39EEB554} = {9B25360F-2CE4-43D2-AFF0-5EAA693E98F7}
		{DFA5AAFF-31B8-4203-822C-8ACC4D7A7D74} = {9B25360F-2CE4-43D2-AFF0-5EAA693E98F7}
		{7C9CC625-FB4E-4215-9F7C-494AA6043821} = {BEFD8748-2467-45F9-A4AD-B450B12D5F78}
		{3D948D55-3CD2-496D-A04C-3B4E7BB69140} = {B0C25450-74BF-40C2-9E02-09AADBAE2C2F}
		{6768EA38-1335-4B8E-BC09-CCDED1F9AAF6} = {BEFD8748-2467-45F9-A4AD-B450B12D5F78}
		{766203BF-7108-418F-BE92-87E7006E5E94} = {B0C25450-74BF-40C2-9E02-09AADBAE2C2F}
		{D381D216-2464-4F84-8DFF-2CB2F2507DDE} = {766203BF-7108-418F-BE92-87E7006E5E94}
		{C7DA852B-D30A-4209-B767-640224C7C31E} = {BEFD8748-2467-45F9-A4AD-B450B12D5F78}
		{8FB23F61-77CB-42C7-8EEC-B22D7C4E4067} = {BEFD8748-2467-45F9-A4AD-B450B12D5F78}
		{A6A162DF-9FBB-4C2A-913F-FD5FED35A09B} = {ED8079DD-2B06-4030-9F0F-DC548F98E1C4}
	EndGlobalSection
	GlobalSection(ExtensibilityGlobals) = postSolution
		SolutionGuid = {C5B9895C-9DF8-4557-8D44-7D0C4C31F86E}
	EndGlobalSection
EndGlobal
