
Microsoft Visual Studio Solution File, Format Version 12.00
# Visual Studio 15
VisualStudioVersion = 15.0.26730.10
MinimumVisualStudioVersion = 10.0.40219.1

Project("{6EC3EE1D-3C4E-46DD-8F32-0CC8E7565705}") = "StarWars", "StarWars\StarWars.fsproj", "{C7F6EFB7-0D7E-4A34-90D0-2338D6785EF5}"
EndProject

Project("{F2A71F9B-5D33-465A-A702-920D77279786}") = "StarWars.Android", "StarWars.Android\StarWars.Android.fsproj", "{F0354F33-FDE2-4232-9E71-A85CECCE7365}"
EndProject


Project("{F2A71F9B-5D33-465A-A702-920D77279786}") = "StarWars.iOS", "StarWars.iOS\StarWars.iOS.fsproj", "{BEC716FD-A585-4E2D-9AC3-53B4B45EBB62}"
EndProject




Global
	GlobalSection(SolutionConfigurationPlatforms) = preSolution
		Ad-Hoc|Any CPU = Ad-Hoc|Any CPU
		Ad-Hoc|ARM = Ad-Hoc|ARM
		Ad-Hoc|iPhone = Ad-Hoc|iPhone
		Ad-Hoc|iPhoneSimulator = Ad-Hoc|iPhoneSimulator
		Ad-Hoc|x64 = Ad-Hoc|x64
		Ad-Hoc|x86 = Ad-Hoc|x86
		AppStore|Any CPU = AppStore|Any CPU
		AppStore|ARM = AppStore|ARM
		AppStore|iPhone = AppStore|iPhone
		AppStore|iPhoneSimulator = AppStore|iPhoneSimulator
		AppStore|x64 = AppStore|x64
		AppStore|x86 = AppStore|x86
		Debug|Any CPU = Debug|Any CPU
		Debug|ARM = Debug|ARM
		Debug|iPhone = Debug|iPhone
		Debug|iPhoneSimulator = Debug|iPhoneSimulator
		Debug|x64 = Debug|x64
		Debug|x86 = Debug|x86
		Release|Any CPU = Release|Any CPU
		Release|ARM = Release|ARM
		Release|iPhone = Release|iPhone
		Release|iPhoneSimulator = Release|iPhoneSimulator
		Release|x64 = Release|x64
		Release|x86 = Release|x86
	EndGlobalSection
	GlobalSection(ProjectConfigurationPlatforms) = postSolution
		{C7F6EFB7-0D7E-4A34-90D0-2338D6785EF5}.Ad-Hoc|Any CPU.ActiveCfg = Debug|Any CPU
		{C7F6EFB7-0D7E-4A34-90D0-2338D6785EF5}.Ad-Hoc|Any CPU.Build.0 = Debug|Any CPU
		{C7F6EFB7-0D7E-4A34-90D0-2338D6785EF5}.Ad-Hoc|ARM.ActiveCfg = Debug|Any CPU
		{C7F6EFB7-0D7E-4A34-90D0-2338D6785EF5}.Ad-Hoc|ARM.Build.0 = Debug|Any CPU
		{C7F6EFB7-0D7E-4A34-90D0-2338D6785EF5}.Ad-Hoc|iPhone.ActiveCfg = Debug|Any CPU
		{C7F6EFB7-0D7E-4A34-90D0-2338D6785EF5}.Ad-Hoc|iPhone.Build.0 = Debug|Any CPU
		{C7F6EFB7-0D7E-4A34-90D0-2338D6785EF5}.Ad-Hoc|iPhoneSimulator.ActiveCfg = Debug|Any CPU
		{C7F6EFB7-0D7E-4A34-90D0-2338D6785EF5}.Ad-Hoc|iPhoneSimulator.Build.0 = Debug|Any CPU
		{C7F6EFB7-0D7E-4A34-90D0-2338D6785EF5}.Ad-Hoc|x64.ActiveCfg = Debug|Any CPU
		{C7F6EFB7-0D7E-4A34-90D0-2338D6785EF5}.Ad-Hoc|x64.Build.0 = Debug|Any CPU
		{C7F6EFB7-0D7E-4A34-90D0-2338D6785EF5}.Ad-Hoc|x86.ActiveCfg = Debug|Any CPU
		{C7F6EFB7-0D7E-4A34-90D0-2338D6785EF5}.Ad-Hoc|x86.Build.0 = Debug|Any CPU
		{C7F6EFB7-0D7E-4A34-90D0-2338D6785EF5}.AppStore|Any CPU.ActiveCfg = Debug|Any CPU
		{C7F6EFB7-0D7E-4A34-90D0-2338D6785EF5}.AppStore|Any CPU.Build.0 = Debug|Any CPU
		{C7F6EFB7-0D7E-4A34-90D0-2338D6785EF5}.AppStore|ARM.ActiveCfg = Debug|Any CPU
		{C7F6EFB7-0D7E-4A34-90D0-2338D6785EF5}.AppStore|ARM.Build.0 = Debug|Any CPU
		{C7F6EFB7-0D7E-4A34-90D0-2338D6785EF5}.AppStore|iPhone.ActiveCfg = Debug|Any CPU
		{C7F6EFB7-0D7E-4A34-90D0-2338D6785EF5}.AppStore|iPhone.Build.0 = Debug|Any CPU
		{C7F6EFB7-0D7E-4A34-90D0-2338D6785EF5}.AppStore|iPhoneSimulator.ActiveCfg = Debug|Any CPU
		{C7F6EFB7-0D7E-4A34-90D0-2338D6785EF5}.AppStore|iPhoneSimulator.Build.0 = Debug|Any CPU
		{C7F6EFB7-0D7E-4A34-90D0-2338D6785EF5}.AppStore|x64.ActiveCfg = Debug|Any CPU
		{C7F6EFB7-0D7E-4A34-90D0-2338D6785EF5}.AppStore|x64.Build.0 = Debug|Any CPU
		{C7F6EFB7-0D7E-4A34-90D0-2338D6785EF5}.AppStore|x86.ActiveCfg = Debug|Any CPU
		{C7F6EFB7-0D7E-4A34-90D0-2338D6785EF5}.AppStore|x86.Build.0 = Debug|Any CPU
		{C7F6EFB7-0D7E-4A34-90D0-2338D6785EF5}.Debug|Any CPU.ActiveCfg = Debug|Any CPU
		{C7F6EFB7-0D7E-4A34-90D0-2338D6785EF5}.Debug|Any CPU.Build.0 = Debug|Any CPU
		{C7F6EFB7-0D7E-4A34-90D0-2338D6785EF5}.Debug|ARM.ActiveCfg = Debug|Any CPU
		{C7F6EFB7-0D7E-4A34-90D0-2338D6785EF5}.Debug|ARM.Build.0 = Debug|Any CPU
		{C7F6EFB7-0D7E-4A34-90D0-2338D6785EF5}.Debug|iPhone.ActiveCfg = Debug|Any CPU
		{C7F6EFB7-0D7E-4A34-90D0-2338D6785EF5}.Debug|iPhone.Build.0 = Debug|Any CPU
		{C7F6EFB7-0D7E-4A34-90D0-2338D6785EF5}.Debug|iPhoneSimulator.ActiveCfg = Debug|Any CPU
		{C7F6EFB7-0D7E-4A34-90D0-2338D6785EF5}.Debug|iPhoneSimulator.Build.0 = Debug|Any CPU
		{C7F6EFB7-0D7E-4A34-90D0-2338D6785EF5}.Debug|x64.ActiveCfg = Debug|Any CPU
		{C7F6EFB7-0D7E-4A34-90D0-2338D6785EF5}.Debug|x64.Build.0 = Debug|Any CPU
		{C7F6EFB7-0D7E-4A34-90D0-2338D6785EF5}.Debug|x86.ActiveCfg = Debug|Any CPU
		{C7F6EFB7-0D7E-4A34-90D0-2338D6785EF5}.Debug|x86.Build.0 = Debug|Any CPU
		{C7F6EFB7-0D7E-4A34-90D0-2338D6785EF5}.Release|Any CPU.ActiveCfg = Release|Any CPU
		{C7F6EFB7-0D7E-4A34-90D0-2338D6785EF5}.Release|Any CPU.Build.0 = Release|Any CPU
		{C7F6EFB7-0D7E-4A34-90D0-2338D6785EF5}.Release|ARM.ActiveCfg = Release|Any CPU
		{C7F6EFB7-0D7E-4A34-90D0-2338D6785EF5}.Release|ARM.Build.0 = Release|Any CPU
		{C7F6EFB7-0D7E-4A34-90D0-2338D6785EF5}.Release|iPhone.ActiveCfg = Release|Any CPU
		{C7F6EFB7-0D7E-4A34-90D0-2338D6785EF5}.Release|iPhone.Build.0 = Release|Any CPU
		{C7F6EFB7-0D7E-4A34-90D0-2338D6785EF5}.Release|iPhoneSimulator.ActiveCfg = Release|Any CPU
		{C7F6EFB7-0D7E-4A34-90D0-2338D6785EF5}.Release|iPhoneSimulator.Build.0 = Release|Any CPU
		{C7F6EFB7-0D7E-4A34-90D0-2338D6785EF5}.Release|x64.ActiveCfg = Release|Any CPU
		{C7F6EFB7-0D7E-4A34-90D0-2338D6785EF5}.Release|x64.Build.0 = Release|Any CPU
		{C7F6EFB7-0D7E-4A34-90D0-2338D6785EF5}.Release|x86.ActiveCfg = Release|Any CPU
		{C7F6EFB7-0D7E-4A34-90D0-2338D6785EF5}.Release|x86.Build.0 = Release|Any CPU
		{BEC716FD-A585-4E2D-9AC3-53B4B45EBB62}.Ad-Hoc|Any CPU.ActiveCfg = Ad-Hoc|iPhone
		{BEC716FD-A585-4E2D-9AC3-53B4B45EBB62}.Ad-Hoc|ARM.ActiveCfg = Ad-Hoc|iPhone
		{BEC716FD-A585-4E2D-9AC3-53B4B45EBB62}.Ad-Hoc|iPhone.ActiveCfg = Ad-Hoc|iPhone
		{BEC716FD-A585-4E2D-9AC3-53B4B45EBB62}.Ad-Hoc|iPhone.Build.0 = Ad-Hoc|iPhone
		{BEC716FD-A585-4E2D-9AC3-53B4B45EBB62}.Ad-Hoc|iPhoneSimulator.ActiveCfg = Ad-Hoc|iPhoneSimulator
		{BEC716FD-A585-4E2D-9AC3-53B4B45EBB62}.Ad-Hoc|iPhoneSimulator.Build.0 = Ad-Hoc|iPhoneSimulator
		{BEC716FD-A585-4E2D-9AC3-53B4B45EBB62}.Ad-Hoc|x64.ActiveCfg = Ad-Hoc|iPhone
		{BEC716FD-A585-4E2D-9AC3-53B4B45EBB62}.Ad-Hoc|x86.ActiveCfg = Ad-Hoc|iPhone
		{BEC716FD-A585-4E2D-9AC3-53B4B45EBB62}.AppStore|Any CPU.ActiveCfg = AppStore|iPhone
		{BEC716FD-A585-4E2D-9AC3-53B4B45EBB62}.AppStore|ARM.ActiveCfg = AppStore|iPhone
		{BEC716FD-A585-4E2D-9AC3-53B4B45EBB62}.AppStore|iPhone.ActiveCfg = AppStore|iPhone
		{BEC716FD-A585-4E2D-9AC3-53B4B45EBB62}.AppStore|iPhone.Build.0 = AppStore|iPhone
		{BEC716FD-A585-4E2D-9AC3-53B4B45EBB62}.AppStore|iPhoneSimulator.ActiveCfg = AppStore|iPhoneSimulator
		{BEC716FD-A585-4E2D-9AC3-53B4B45EBB62}.AppStore|iPhoneSimulator.Build.0 = AppStore|iPhoneSimulator
		{BEC716FD-A585-4E2D-9AC3-53B4B45EBB62}.AppStore|x64.ActiveCfg = AppStore|iPhone
		{BEC716FD-A585-4E2D-9AC3-53B4B45EBB62}.AppStore|x86.ActiveCfg = AppStore|iPhone
		{BEC716FD-A585-4E2D-9AC3-53B4B45EBB62}.Debug|Any CPU.ActiveCfg = Debug|iPhone
		{BEC716FD-A585-4E2D-9AC3-53B4B45EBB62}.Debug|ARM.ActiveCfg = Debug|iPhone
		{BEC716FD-A585-4E2D-9AC3-53B4B45EBB62}.Debug|iPhone.ActiveCfg = Debug|iPhone
		{BEC716FD-A585-4E2D-9AC3-53B4B45EBB62}.Debug|iPhone.Build.0 = Debug|iPhone
		{BEC716FD-A585-4E2D-9AC3-53B4B45EBB62}.Debug|iPhoneSimulator.ActiveCfg = Debug|iPhoneSimulator
		{BEC716FD-A585-4E2D-9AC3-53B4B45EBB62}.Debug|iPhoneSimulator.Build.0 = Debug|iPhoneSimulator
		{BEC716FD-A585-4E2D-9AC3-53B4B45EBB62}.Debug|x64.ActiveCfg = Debug|iPhone
		{BEC716FD-A585-4E2D-9AC3-53B4B45EBB62}.Debug|x86.ActiveCfg = Debug|iPhone
		{BEC716FD-A585-4E2D-9AC3-53B4B45EBB62}.Release|Any CPU.ActiveCfg = Release|iPhone
		{BEC716FD-A585-4E2D-9AC3-53B4B45EBB62}.Release|ARM.ActiveCfg = Release|iPhone
		{BEC716FD-A585-4E2D-9AC3-53B4B45EBB62}.Release|iPhone.ActiveCfg = Release|iPhone
		{BEC716FD-A585-4E2D-9AC3-53B4B45EBB62}.Release|iPhone.Build.0 = Release|iPhone
		{BEC716FD-A585-4E2D-9AC3-53B4B45EBB62}.Release|iPhoneSimulator.ActiveCfg = Release|iPhoneSimulator
		{BEC716FD-A585-4E2D-9AC3-53B4B45EBB62}.Release|iPhoneSimulator.Build.0 = Release|iPhoneSimulator
		{BEC716FD-A585-4E2D-9AC3-53B4B45EBB62}.Release|x64.ActiveCfg = Release|iPhone
		{BEC716FD-A585-4E2D-9AC3-53B4B45EBB62}.Release|x86.ActiveCfg = Release|iPhone
		{89F219C0-2B41-422D-9458-94F98C9986AF}.Ad-Hoc|Any CPU.ActiveCfg = Release|x86
		{89F219C0-2B41-422D-9458-94F98C9986AF}.Ad-Hoc|Any CPU.Build.0 = Release|x86
		{89F219C0-2B41-422D-9458-94F98C9986AF}.Ad-Hoc|Any CPU.Deploy.0 = Release|x86
		{89F219C0-2B41-422D-9458-94F98C9986AF}.Ad-Hoc|ARM.ActiveCfg = Release|ARM
		{89F219C0-2B41-422D-9458-94F98C9986AF}.Ad-Hoc|ARM.Build.0 = Release|ARM
		{89F219C0-2B41-422D-9458-94F98C9986AF}.Ad-Hoc|ARM.Deploy.0 = Release|ARM
		{89F219C0-2B41-422D-9458-94F98C9986AF}.Ad-Hoc|iPhone.ActiveCfg = Release|x86
		{89F219C0-2B41-422D-9458-94F98C9986AF}.Ad-Hoc|iPhone.Build.0 = Release|x86
		{89F219C0-2B41-422D-9458-94F98C9986AF}.Ad-Hoc|iPhone.Deploy.0 = Release|x86
		{89F219C0-2B41-422D-9458-94F98C9986AF}.Ad-Hoc|iPhoneSimulator.ActiveCfg = Release|x86
		{89F219C0-2B41-422D-9458-94F98C9986AF}.Ad-Hoc|iPhoneSimulator.Build.0 = Release|x86
		{89F219C0-2B41-422D-9458-94F98C9986AF}.Ad-Hoc|iPhoneSimulator.Deploy.0 = Release|x86
		{89F219C0-2B41-422D-9458-94F98C9986AF}.Ad-Hoc|x64.ActiveCfg = Release|x64
		{89F219C0-2B41-422D-9458-94F98C9986AF}.Ad-Hoc|x64.Build.0 = Release|x64
		{89F219C0-2B41-422D-9458-94F98C9986AF}.Ad-Hoc|x64.Deploy.0 = Release|x64
		{89F219C0-2B41-422D-9458-94F98C9986AF}.Ad-Hoc|x86.ActiveCfg = Release|x86
		{89F219C0-2B41-422D-9458-94F98C9986AF}.Ad-Hoc|x86.Build.0 = Release|x86
		{89F219C0-2B41-422D-9458-94F98C9986AF}.Ad-Hoc|x86.Deploy.0 = Release|x86
		{89F219C0-2B41-422D-9458-94F98C9986AF}.AppStore|Any CPU.ActiveCfg = Release|x86
		{89F219C0-2B41-422D-9458-94F98C9986AF}.AppStore|Any CPU.Build.0 = Release|x86
		{89F219C0-2B41-422D-9458-94F98C9986AF}.AppStore|Any CPU.Deploy.0 = Release|x86
		{89F219C0-2B41-422D-9458-94F98C9986AF}.AppStore|ARM.ActiveCfg = Release|ARM
		{89F219C0-2B41-422D-9458-94F98C9986AF}.AppStore|ARM.Build.0 = Release|ARM
		{89F219C0-2B41-422D-9458-94F98C9986AF}.AppStore|ARM.Deploy.0 = Release|ARM
		{89F219C0-2B41-422D-9458-94F98C9986AF}.AppStore|iPhone.ActiveCfg = Release|x86
		{89F219C0-2B41-422D-9458-94F98C9986AF}.AppStore|iPhone.Build.0 = Release|x86
		{89F219C0-2B41-422D-9458-94F98C9986AF}.AppStore|iPhone.Deploy.0 = Release|x86
		{89F219C0-2B41-422D-9458-94F98C9986AF}.AppStore|iPhoneSimulator.ActiveCfg = Release|x86
		{89F219C0-2B41-422D-9458-94F98C9986AF}.AppStore|iPhoneSimulator.Build.0 = Release|x86
		{89F219C0-2B41-422D-9458-94F98C9986AF}.AppStore|iPhoneSimulator.Deploy.0 = Release|x86
		{89F219C0-2B41-422D-9458-94F98C9986AF}.AppStore|x64.ActiveCfg = Release|x64
		{89F219C0-2B41-422D-9458-94F98C9986AF}.AppStore|x64.Build.0 = Release|x64
		{89F219C0-2B41-422D-9458-94F98C9986AF}.AppStore|x64.Deploy.0 = Release|x64
		{89F219C0-2B41-422D-9458-94F98C9986AF}.AppStore|x86.ActiveCfg = Release|x86
		{89F219C0-2B41-422D-9458-94F98C9986AF}.AppStore|x86.Build.0 = Release|x86
		{89F219C0-2B41-422D-9458-94F98C9986AF}.AppStore|x86.Deploy.0 = Release|x86
		{89F219C0-2B41-422D-9458-94F98C9986AF}.Debug|Any CPU.ActiveCfg = Debug|x86
		{89F219C0-2B41-422D-9458-94F98C9986AF}.Debug|ARM.ActiveCfg = Debug|ARM
		{89F219C0-2B41-422D-9458-94F98C9986AF}.Debug|ARM.Build.0 = Debug|ARM
		{89F219C0-2B41-422D-9458-94F98C9986AF}.Debug|ARM.Deploy.0 = Debug|ARM
		{89F219C0-2B41-422D-9458-94F98C9986AF}.Debug|iPhone.ActiveCfg = Debug|x86
		{89F219C0-2B41-422D-9458-94F98C9986AF}.Debug|iPhoneSimulator.ActiveCfg = Debug|x86
		{89F219C0-2B41-422D-9458-94F98C9986AF}.Debug|x64.ActiveCfg = Debug|x64
		{89F219C0-2B41-422D-9458-94F98C9986AF}.Debug|x64.Build.0 = Debug|x64
		{89F219C0-2B41-422D-9458-94F98C9986AF}.Debug|x64.Deploy.0 = Debug|x64
		{89F219C0-2B41-422D-9458-94F98C9986AF}.Debug|x86.ActiveCfg = Debug|x86
		{89F219C0-2B41-422D-9458-94F98C9986AF}.Debug|x86.Build.0 = Debug|x86
		{89F219C0-2B41-422D-9458-94F98C9986AF}.Debug|x86.Deploy.0 = Debug|x86
		{89F219C0-2B41-422D-9458-94F98C9986AF}.Release|Any CPU.ActiveCfg = Release|x86
		{89F219C0-2B41-422D-9458-94F98C9986AF}.Release|ARM.ActiveCfg = Release|ARM
		{89F219C0-2B41-422D-9458-94F98C9986AF}.Release|ARM.Build.0 = Release|ARM
		{89F219C0-2B41-422D-9458-94F98C9986AF}.Release|ARM.Deploy.0 = Release|ARM
		{89F219C0-2B41-422D-9458-94F98C9986AF}.Release|iPhone.ActiveCfg = Release|x86
		{89F219C0-2B41-422D-9458-94F98C9986AF}.Release|iPhoneSimulator.ActiveCfg = Release|x86
		{89F219C0-2B41-422D-9458-94F98C9986AF}.Release|x64.ActiveCfg = Release|x64
		{89F219C0-2B41-422D-9458-94F98C9986AF}.Release|x64.Build.0 = Release|x64
		{89F219C0-2B41-422D-9458-94F98C9986AF}.Release|x64.Deploy.0 = Release|x64
		{89F219C0-2B41-422D-9458-94F98C9986AF}.Release|x86.ActiveCfg = Release|x86
		{89F219C0-2B41-422D-9458-94F98C9986AF}.Release|x86.Build.0 = Release|x86
		{89F219C0-2B41-422D-9458-94F98C9986AF}.Release|x86.Deploy.0 = Release|x86
		{ADD048B1-1142-4870-AF6A-E10A65949795}.Ad-Hoc|Any CPU.ActiveCfg = Release|Any CPU
		{ADD048B1-1142-4870-AF6A-E10A65949795}.Ad-Hoc|Any CPU.Build.0 = Release|Any CPU
		{ADD048B1-1142-4870-AF6A-E10A65949795}.Ad-Hoc|ARM.ActiveCfg = Release|Any CPU
		{ADD048B1-1142-4870-AF6A-E10A65949795}.Ad-Hoc|ARM.Build.0 = Release|Any CPU
		{ADD048B1-1142-4870-AF6A-E10A65949795}.Ad-Hoc|iPhone.ActiveCfg = Release|Any CPU
		{ADD048B1-1142-4870-AF6A-E10A65949795}.Ad-Hoc|iPhone.Build.0 = Release|Any CPU
		{ADD048B1-1142-4870-AF6A-E10A65949795}.Ad-Hoc|iPhoneSimulator.ActiveCfg = Release|Any CPU
		{ADD048B1-1142-4870-AF6A-E10A65949795}.Ad-Hoc|iPhoneSimulator.Build.0 = Release|Any CPU
		{ADD048B1-1142-4870-AF6A-E10A65949795}.Ad-Hoc|x64.ActiveCfg = Release|Any CPU
		{ADD048B1-1142-4870-AF6A-E10A65949795}.Ad-Hoc|x64.Build.0 = Release|Any CPU
		{ADD048B1-1142-4870-AF6A-E10A65949795}.Ad-Hoc|x86.ActiveCfg = Release|Any CPU
		{ADD048B1-1142-4870-AF6A-E10A65949795}.Ad-Hoc|x86.Build.0 = Release|Any CPU
		{ADD048B1-1142-4870-AF6A-E10A65949795}.AppStore|Any CPU.ActiveCfg = Release|Any CPU
		{ADD048B1-1142-4870-AF6A-E10A65949795}.AppStore|Any CPU.Build.0 = Release|Any CPU
		{ADD048B1-1142-4870-AF6A-E10A65949795}.AppStore|ARM.ActiveCfg = Release|Any CPU
		{ADD048B1-1142-4870-AF6A-E10A65949795}.AppStore|ARM.Build.0 = Release|Any CPU
		{ADD048B1-1142-4870-AF6A-E10A65949795}.AppStore|iPhone.ActiveCfg = Release|Any CPU
		{ADD048B1-1142-4870-AF6A-E10A65949795}.AppStore|iPhone.Build.0 = Release|Any CPU
		{ADD048B1-1142-4870-AF6A-E10A65949795}.AppStore|iPhoneSimulator.ActiveCfg = Release|Any CPU
		{ADD048B1-1142-4870-AF6A-E10A65949795}.AppStore|iPhoneSimulator.Build.0 = Release|Any CPU
		{ADD048B1-1142-4870-AF6A-E10A65949795}.AppStore|x64.ActiveCfg = Release|Any CPU
		{ADD048B1-1142-4870-AF6A-E10A65949795}.AppStore|x64.Build.0 = Release|Any CPU
		{ADD048B1-1142-4870-AF6A-E10A65949795}.AppStore|x86.ActiveCfg = Release|Any CPU
		{ADD048B1-1142-4870-AF6A-E10A65949795}.AppStore|x86.Build.0 = Release|Any CPU
		{ADD048B1-1142-4870-AF6A-E10A65949795}.Debug|Any CPU.ActiveCfg = Debug|Any CPU
		{ADD048B1-1142-4870-AF6A-E10A65949795}.Debug|Any CPU.Build.0 = Debug|Any CPU
		{ADD048B1-1142-4870-AF6A-E10A65949795}.Debug|ARM.ActiveCfg = Debug|Any CPU
		{ADD048B1-1142-4870-AF6A-E10A65949795}.Debug|ARM.Build.0 = Debug|Any CPU
		{ADD048B1-1142-4870-AF6A-E10A65949795}.Debug|iPhone.ActiveCfg = Debug|Any CPU
		{ADD048B1-1142-4870-AF6A-E10A65949795}.Debug|iPhone.Build.0 = Debug|Any CPU
		{ADD048B1-1142-4870-AF6A-E10A65949795}.Debug|iPhoneSimulator.ActiveCfg = Debug|Any CPU
		{ADD048B1-1142-4870-AF6A-E10A65949795}.Debug|iPhoneSimulator.Build.0 = Debug|Any CPU
		{ADD048B1-1142-4870-AF6A-E10A65949795}.Debug|x64.ActiveCfg = Debug|Any CPU
		{ADD048B1-1142-4870-AF6A-E10A65949795}.Debug|x64.Build.0 = Debug|Any CPU
		{ADD048B1-1142-4870-AF6A-E10A65949795}.Debug|x86.ActiveCfg = Debug|Any CPU
		{ADD048B1-1142-4870-AF6A-E10A65949795}.Debug|x86.Build.0 = Debug|Any CPU
		{ADD048B1-1142-4870-AF6A-E10A65949795}.Release|Any CPU.ActiveCfg = Release|Any CPU
		{ADD048B1-1142-4870-AF6A-E10A65949795}.Release|Any CPU.Build.0 = Release|Any CPU
		{ADD048B1-1142-4870-AF6A-E10A65949795}.Release|ARM.ActiveCfg = Release|Any CPU
		{ADD048B1-1142-4870-AF6A-E10A65949795}.Release|ARM.Build.0 = Release|Any CPU
		{ADD048B1-1142-4870-AF6A-E10A65949795}.Release|iPhone.ActiveCfg = Release|Any CPU
		{ADD048B1-1142-4870-AF6A-E10A65949795}.Release|iPhone.Build.0 = Release|Any CPU
		{ADD048B1-1142-4870-AF6A-E10A65949795}.Release|iPhoneSimulator.ActiveCfg = Release|Any CPU
		{ADD048B1-1142-4870-AF6A-E10A65949795}.Release|iPhoneSimulator.Build.0 = Release|Any CPU
		{ADD048B1-1142-4870-AF6A-E10A65949795}.Release|x64.ActiveCfg = Release|Any CPU
		{ADD048B1-1142-4870-AF6A-E10A65949795}.Release|x64.Build.0 = Release|Any CPU
		{ADD048B1-1142-4870-AF6A-E10A65949795}.Release|x86.ActiveCfg = Release|Any CPU
		{ADD048B1-1142-4870-AF6A-E10A65949795}.Release|x86.Build.0 = Release|Any CPU
		{5BEE4055-91E6-4C8D-828C-40DC3B05A8DA}.Ad-Hoc|Any CPU.ActiveCfg = Release|Any CPU
		{5BEE4055-91E6-4C8D-828C-40DC3B05A8DA}.Ad-Hoc|Any CPU.Build.0 = Release|Any CPU
		{5BEE4055-91E6-4C8D-828C-40DC3B05A8DA}.Ad-Hoc|ARM.ActiveCfg = Release|Any CPU
		{5BEE4055-91E6-4C8D-828C-40DC3B05A8DA}.Ad-Hoc|ARM.Build.0 = Release|Any CPU
		{5BEE4055-91E6-4C8D-828C-40DC3B05A8DA}.Ad-Hoc|iPhone.ActiveCfg = Release|Any CPU
		{5BEE4055-91E6-4C8D-828C-40DC3B05A8DA}.Ad-Hoc|iPhone.Build.0 = Release|Any CPU
		{5BEE4055-91E6-4C8D-828C-40DC3B05A8DA}.Ad-Hoc|iPhoneSimulator.ActiveCfg = Release|Any CPU
		{5BEE4055-91E6-4C8D-828C-40DC3B05A8DA}.Ad-Hoc|iPhoneSimulator.Build.0 = Release|Any CPU
		{5BEE4055-91E6-4C8D-828C-40DC3B05A8DA}.Ad-Hoc|x64.ActiveCfg = Release|Any CPU
		{5BEE4055-91E6-4C8D-828C-40DC3B05A8DA}.Ad-Hoc|x64.Build.0 = Release|Any CPU
		{5BEE4055-91E6-4C8D-828C-40DC3B05A8DA}.Ad-Hoc|x86.ActiveCfg = Release|Any CPU
		{5BEE4055-91E6-4C8D-828C-40DC3B05A8DA}.Ad-Hoc|x86.Build.0 = Release|Any CPU
		{5BEE4055-91E6-4C8D-828C-40DC3B05A8DA}.AppStore|Any CPU.ActiveCfg = Release|Any CPU
		{5BEE4055-91E6-4C8D-828C-40DC3B05A8DA}.AppStore|Any CPU.Build.0 = Release|Any CPU
		{5BEE4055-91E6-4C8D-828C-40DC3B05A8DA}.AppStore|ARM.ActiveCfg = Release|Any CPU
		{5BEE4055-91E6-4C8D-828C-40DC3B05A8DA}.AppStore|ARM.Build.0 = Release|Any CPU
		{5BEE4055-91E6-4C8D-828C-40DC3B05A8DA}.AppStore|iPhone.ActiveCfg = Release|Any CPU
		{5BEE4055-91E6-4C8D-828C-40DC3B05A8DA}.AppStore|iPhone.Build.0 = Release|Any CPU
		{5BEE4055-91E6-4C8D-828C-40DC3B05A8DA}.AppStore|iPhoneSimulator.ActiveCfg = Release|Any CPU
		{5BEE4055-91E6-4C8D-828C-40DC3B05A8DA}.AppStore|iPhoneSimulator.Build.0 = Release|Any CPU
		{5BEE4055-91E6-4C8D-828C-40DC3B05A8DA}.AppStore|x64.ActiveCfg = Release|Any CPU
		{5BEE4055-91E6-4C8D-828C-40DC3B05A8DA}.AppStore|x64.Build.0 = Release|Any CPU
		{5BEE4055-91E6-4C8D-828C-40DC3B05A8DA}.AppStore|x86.ActiveCfg = Release|Any CPU
		{5BEE4055-91E6-4C8D-828C-40DC3B05A8DA}.AppStore|x86.Build.0 = Release|Any CPU
		{5BEE4055-91E6-4C8D-828C-40DC3B05A8DA}.Debug|Any CPU.ActiveCfg = Debug|Any CPU
		{5BEE4055-91E6-4C8D-828C-40DC3B05A8DA}.Debug|Any CPU.Build.0 = Debug|Any CPU
		{5BEE4055-91E6-4C8D-828C-40DC3B05A8DA}.Debug|ARM.ActiveCfg = Debug|Any CPU
		{5BEE4055-91E6-4C8D-828C-40DC3B05A8DA}.Debug|ARM.Build.0 = Debug|Any CPU
		{5BEE4055-91E6-4C8D-828C-40DC3B05A8DA}.Debug|iPhone.ActiveCfg = Debug|Any CPU
		{5BEE4055-91E6-4C8D-828C-40DC3B05A8DA}.Debug|iPhone.Build.0 = Debug|Any CPU
		{5BEE4055-91E6-4C8D-828C-40DC3B05A8DA}.Debug|iPhoneSimulator.ActiveCfg = Debug|Any CPU
		{5BEE4055-91E6-4C8D-828C-40DC3B05A8DA}.Debug|iPhoneSimulator.Build.0 = Debug|Any CPU
		{5BEE4055-91E6-4C8D-828C-40DC3B05A8DA}.Debug|x64.ActiveCfg = Debug|Any CPU
		{5BEE4055-91E6-4C8D-828C-40DC3B05A8DA}.Debug|x64.Build.0 = Debug|Any CPU
		{5BEE4055-91E6-4C8D-828C-40DC3B05A8DA}.Debug|x86.ActiveCfg = Debug|Any CPU
		{5BEE4055-91E6-4C8D-828C-40DC3B05A8DA}.Debug|x86.Build.0 = Debug|Any CPU
		{5BEE4055-91E6-4C8D-828C-40DC3B05A8DA}.Release|Any CPU.ActiveCfg = Release|Any CPU
		{5BEE4055-91E6-4C8D-828C-40DC3B05A8DA}.Release|Any CPU.Build.0 = Release|Any CPU
		{5BEE4055-91E6-4C8D-828C-40DC3B05A8DA}.Release|ARM.ActiveCfg = Release|Any CPU
		{5BEE4055-91E6-4C8D-828C-40DC3B05A8DA}.Release|ARM.Build.0 = Release|Any CPU
		{5BEE4055-91E6-4C8D-828C-40DC3B05A8DA}.Release|iPhone.ActiveCfg = Release|Any CPU
		{5BEE4055-91E6-4C8D-828C-40DC3B05A8DA}.Release|iPhone.Build.0 = Release|Any CPU
		{5BEE4055-91E6-4C8D-828C-40DC3B05A8DA}.Release|iPhoneSimulator.ActiveCfg = Release|Any CPU
		{5BEE4055-91E6-4C8D-828C-40DC3B05A8DA}.Release|iPhoneSimulator.Build.0 = Release|Any CPU
		{5BEE4055-91E6-4C8D-828C-40DC3B05A8DA}.Release|x64.ActiveCfg = Release|Any CPU
		{5BEE4055-91E6-4C8D-828C-40DC3B05A8DA}.Release|x64.Build.0 = Release|Any CPU
		{5BEE4055-91E6-4C8D-828C-40DC3B05A8DA}.Release|x86.ActiveCfg = Release|Any CPU
		{5BEE4055-91E6-4C8D-828C-40DC3B05A8DA}.Release|x86.Build.0 = Release|Any CPU
		{F0354F33-FDE2-4232-9E71-A85CECCE7365}.Ad-Hoc|Any CPU.ActiveCfg = Release|Any CPU
		{F0354F33-FDE2-4232-9E71-A85CECCE7365}.Ad-Hoc|Any CPU.Build.0 = Release|Any CPU
		{F0354F33-FDE2-4232-9E71-A85CECCE7365}.Ad-Hoc|ARM.ActiveCfg = Release|Any CPU
		{F0354F33-FDE2-4232-9E71-A85CECCE7365}.Ad-Hoc|ARM.Build.0 = Release|Any CPU
		{F0354F33-FDE2-4232-9E71-A85CECCE7365}.Ad-Hoc|iPhone.ActiveCfg = Release|Any CPU
		{F0354F33-FDE2-4232-9E71-A85CECCE7365}.Ad-Hoc|iPhone.Build.0 = Release|Any CPU
		{F0354F33-FDE2-4232-9E71-A85CECCE7365}.Ad-Hoc|iPhoneSimulator.ActiveCfg = Release|Any CPU
		{F0354F33-FDE2-4232-9E71-A85CECCE7365}.Ad-Hoc|iPhoneSimulator.Build.0 = Release|Any CPU
		{F0354F33-FDE2-4232-9E71-A85CECCE7365}.Ad-Hoc|x64.ActiveCfg = Release|Any CPU
		{F0354F33-FDE2-4232-9E71-A85CECCE7365}.Ad-Hoc|x64.Build.0 = Release|Any CPU
		{F0354F33-FDE2-4232-9E71-A85CECCE7365}.Ad-Hoc|x86.ActiveCfg = Release|Any CPU
		{F0354F33-FDE2-4232-9E71-A85CECCE7365}.Ad-Hoc|x86.Build.0 = Release|Any CPU
		{F0354F33-FDE2-4232-9E71-A85CECCE7365}.AppStore|Any CPU.ActiveCfg = Release|Any CPU
		{F0354F33-FDE2-4232-9E71-A85CECCE7365}.AppStore|Any CPU.Build.0 = Release|Any CPU
		{F0354F33-FDE2-4232-9E71-A85CECCE7365}.AppStore|ARM.ActiveCfg = Release|Any CPU
		{F0354F33-FDE2-4232-9E71-A85CECCE7365}.AppStore|ARM.Build.0 = Release|Any CPU
		{F0354F33-FDE2-4232-9E71-A85CECCE7365}.AppStore|iPhone.ActiveCfg = Release|Any CPU
		{F0354F33-FDE2-4232-9E71-A85CECCE7365}.AppStore|iPhone.Build.0 = Release|Any CPU
		{F0354F33-FDE2-4232-9E71-A85CECCE7365}.AppStore|iPhoneSimulator.ActiveCfg = Release|Any CPU
		{F0354F33-FDE2-4232-9E71-A85CECCE7365}.AppStore|iPhoneSimulator.Build.0 = Release|Any CPU
		{F0354F33-FDE2-4232-9E71-A85CECCE7365}.AppStore|x64.ActiveCfg = Release|Any CPU
		{F0354F33-FDE2-4232-9E71-A85CECCE7365}.AppStore|x64.Build.0 = Release|Any CPU
		{F0354F33-FDE2-4232-9E71-A85CECCE7365}.AppStore|x86.ActiveCfg = Release|Any CPU
		{F0354F33-FDE2-4232-9E71-A85CECCE7365}.AppStore|x86.Build.0 = Release|Any CPU
		{F0354F33-FDE2-4232-9E71-A85CECCE7365}.Debug|Any CPU.ActiveCfg = Debug|Any CPU
		{F0354F33-FDE2-4232-9E71-A85CECCE7365}.Debug|Any CPU.Build.0 = Debug|Any CPU
		{F0354F33-FDE2-4232-9E71-A85CECCE7365}.Debug|Any CPU.Deploy.0 = Debug|Any CPU
		{F0354F33-FDE2-4232-9E71-A85CECCE7365}.Debug|ARM.ActiveCfg = Debug|Any CPU
		{F0354F33-FDE2-4232-9E71-A85CECCE7365}.Debug|ARM.Build.0 = Debug|Any CPU
		{F0354F33-FDE2-4232-9E71-A85CECCE7365}.Debug|iPhone.ActiveCfg = Debug|Any CPU
		{F0354F33-FDE2-4232-9E71-A85CECCE7365}.Debug|iPhone.Build.0 = Debug|Any CPU
		{F0354F33-FDE2-4232-9E71-A85CECCE7365}.Debug|iPhoneSimulator.ActiveCfg = Debug|Any CPU
		{F0354F33-FDE2-4232-9E71-A85CECCE7365}.Debug|iPhoneSimulator.Build.0 = Debug|Any CPU
		{F0354F33-FDE2-4232-9E71-A85CECCE7365}.Debug|x64.ActiveCfg = Debug|Any CPU
		{F0354F33-FDE2-4232-9E71-A85CECCE7365}.Debug|x64.Build.0 = Debug|Any CPU
		{F0354F33-FDE2-4232-9E71-A85CECCE7365}.Debug|x86.ActiveCfg = Debug|Any CPU
		{F0354F33-FDE2-4232-9E71-A85CECCE7365}.Debug|x86.Build.0 = Debug|Any CPU
		{F0354F33-FDE2-4232-9E71-A85CECCE7365}.Release|Any CPU.ActiveCfg = Release|Any CPU
		{F0354F33-FDE2-4232-9E71-A85CECCE7365}.Release|Any CPU.Build.0 = Release|Any CPU
		{F0354F33-FDE2-4232-9E71-A85CECCE7365}.Release|Any CPU.Deploy.0 = Release|Any CPU
		{F0354F33-FDE2-4232-9E71-A85CECCE7365}.Release|ARM.ActiveCfg = Release|Any CPU
		{F0354F33-FDE2-4232-9E71-A85CECCE7365}.Release|ARM.Build.0 = Release|Any CPU
		{F0354F33-FDE2-4232-9E71-A85CECCE7365}.Release|iPhone.ActiveCfg = Release|Any CPU
		{F0354F33-FDE2-4232-9E71-A85CECCE7365}.Release|iPhone.Build.0 = Release|Any CPU
		{F0354F33-FDE2-4232-9E71-A85CECCE7365}.Release|iPhoneSimulator.ActiveCfg = Release|Any CPU
		{F0354F33-FDE2-4232-9E71-A85CECCE7365}.Release|iPhoneSimulator.Build.0 = Release|Any CPU
		{F0354F33-FDE2-4232-9E71-A85CECCE7365}.Release|x64.ActiveCfg = Release|Any CPU
		{F0354F33-FDE2-4232-9E71-A85CECCE7365}.Release|x64.Build.0 = Release|Any CPU
		{F0354F33-FDE2-4232-9E71-A85CECCE7365}.Release|x86.ActiveCfg = Release|Any CPU
		{F0354F33-FDE2-4232-9E71-A85CECCE7365}.Release|x86.Build.0 = Release|Any CPU
		{B9D76C72-5A85-4AE9-9EEB-E8ABC59466A9}.Ad-Hoc|Any CPU.ActiveCfg = Release|Any CPU
		{B9D76C72-5A85-4AE9-9EEB-E8ABC59466A9}.Ad-Hoc|Any CPU.Build.0 = Release|Any CPU
		{B9D76C72-5A85-4AE9-9EEB-E8ABC59466A9}.Ad-Hoc|ARM.ActiveCfg = Release|Any CPU
		{B9D76C72-5A85-4AE9-9EEB-E8ABC59466A9}.Ad-Hoc|ARM.Build.0 = Release|Any CPU
		{B9D76C72-5A85-4AE9-9EEB-E8ABC59466A9}.Ad-Hoc|iPhone.ActiveCfg = Release|Any CPU
		{B9D76C72-5A85-4AE9-9EEB-E8ABC59466A9}.Ad-Hoc|iPhone.Build.0 = Release|Any CPU
		{B9D76C72-5A85-4AE9-9EEB-E8ABC59466A9}.Ad-Hoc|iPhoneSimulator.ActiveCfg = Release|Any CPU
		{B9D76C72-5A85-4AE9-9EEB-E8ABC59466A9}.Ad-Hoc|iPhoneSimulator.Build.0 = Release|Any CPU
		{B9D76C72-5A85-4AE9-9EEB-E8ABC59466A9}.Ad-Hoc|x64.ActiveCfg = Release|Any CPU
		{B9D76C72-5A85-4AE9-9EEB-E8ABC59466A9}.Ad-Hoc|x64.Build.0 = Release|Any CPU
		{B9D76C72-5A85-4AE9-9EEB-E8ABC59466A9}.Ad-Hoc|x86.ActiveCfg = Release|Any CPU
		{B9D76C72-5A85-4AE9-9EEB-E8ABC59466A9}.Ad-Hoc|x86.Build.0 = Release|Any CPU
		{B9D76C72-5A85-4AE9-9EEB-E8ABC59466A9}.AppStore|Any CPU.ActiveCfg = Release|Any CPU
		{B9D76C72-5A85-4AE9-9EEB-E8ABC59466A9}.AppStore|Any CPU.Build.0 = Release|Any CPU
		{B9D76C72-5A85-4AE9-9EEB-E8ABC59466A9}.AppStore|ARM.ActiveCfg = Release|Any CPU
		{B9D76C72-5A85-4AE9-9EEB-E8ABC59466A9}.AppStore|ARM.Build.0 = Release|Any CPU
		{B9D76C72-5A85-4AE9-9EEB-E8ABC59466A9}.AppStore|iPhone.ActiveCfg = Release|Any CPU
		{B9D76C72-5A85-4AE9-9EEB-E8ABC59466A9}.AppStore|iPhone.Build.0 = Release|Any CPU
		{B9D76C72-5A85-4AE9-9EEB-E8ABC59466A9}.AppStore|iPhoneSimulator.ActiveCfg = Release|Any CPU
		{B9D76C72-5A85-4AE9-9EEB-E8ABC59466A9}.AppStore|iPhoneSimulator.Build.0 = Release|Any CPU
		{B9D76C72-5A85-4AE9-9EEB-E8ABC59466A9}.AppStore|x64.ActiveCfg = Release|Any CPU
		{B9D76C72-5A85-4AE9-9EEB-E8ABC59466A9}.AppStore|x64.Build.0 = Release|Any CPU
		{B9D76C72-5A85-4AE9-9EEB-E8ABC59466A9}.AppStore|x86.ActiveCfg = Release|Any CPU
		{B9D76C72-5A85-4AE9-9EEB-E8ABC59466A9}.AppStore|x86.Build.0 = Release|Any CPU
		{B9D76C72-5A85-4AE9-9EEB-E8ABC59466A9}.Debug|Any CPU.ActiveCfg = Debug|Any CPU
		{B9D76C72-5A85-4AE9-9EEB-E8ABC59466A9}.Debug|Any CPU.Build.0 = Debug|Any CPU
		{B9D76C72-5A85-4AE9-9EEB-E8ABC59466A9}.Debug|ARM.ActiveCfg = Debug|Any CPU
		{B9D76C72-5A85-4AE9-9EEB-E8ABC59466A9}.Debug|ARM.Build.0 = Debug|Any CPU
		{B9D76C72-5A85-4AE9-9EEB-E8ABC59466A9}.Debug|iPhone.ActiveCfg = Debug|Any CPU
		{B9D76C72-5A85-4AE9-9EEB-E8ABC59466A9}.Debug|iPhone.Build.0 = Debug|Any CPU
		{B9D76C72-5A85-4AE9-9EEB-E8ABC59466A9}.Debug|iPhoneSimulator.ActiveCfg = Debug|Any CPU
		{B9D76C72-5A85-4AE9-9EEB-E8ABC59466A9}.Debug|iPhoneSimulator.Build.0 = Debug|Any CPU
		{B9D76C72-5A85-4AE9-9EEB-E8ABC59466A9}.Debug|x64.ActiveCfg = Debug|Any CPU
		{B9D76C72-5A85-4AE9-9EEB-E8ABC59466A9}.Debug|x64.Build.0 = Debug|Any CPU
		{B9D76C72-5A85-4AE9-9EEB-E8ABC59466A9}.Debug|x86.ActiveCfg = Debug|Any CPU
		{B9D76C72-5A85-4AE9-9EEB-E8ABC59466A9}.Debug|x86.Build.0 = Debug|Any CPU
		{B9D76C72-5A85-4AE9-9EEB-E8ABC59466A9}.Release|Any CPU.ActiveCfg = Release|Any CPU
		{B9D76C72-5A85-4AE9-9EEB-E8ABC59466A9}.Release|Any CPU.Build.0 = Release|Any CPU
		{B9D76C72-5A85-4AE9-9EEB-E8ABC59466A9}.Release|ARM.ActiveCfg = Release|Any CPU
		{B9D76C72-5A85-4AE9-9EEB-E8ABC59466A9}.Release|ARM.Build.0 = Release|Any CPU
		{B9D76C72-5A85-4AE9-9EEB-E8ABC59466A9}.Release|iPhone.ActiveCfg = Release|Any CPU
		{B9D76C72-5A85-4AE9-9EEB-E8ABC59466A9}.Release|iPhone.Build.0 = Release|Any CPU
		{B9D76C72-5A85-4AE9-9EEB-E8ABC59466A9}.Release|iPhoneSimulator.ActiveCfg = Release|Any CPU
		{B9D76C72-5A85-4AE9-9EEB-E8ABC59466A9}.Release|iPhoneSimulator.Build.0 = Release|Any CPU
		{B9D76C72-5A85-4AE9-9EEB-E8ABC59466A9}.Release|x64.ActiveCfg = Release|Any CPU
		{B9D76C72-5A85-4AE9-9EEB-E8ABC59466A9}.Release|x64.Build.0 = Release|Any CPU
		{B9D76C72-5A85-4AE9-9EEB-E8ABC59466A9}.Release|x86.ActiveCfg = Release|Any CPU
		{B9D76C72-5A85-4AE9-9EEB-E8ABC59466A9}.Release|x86.Build.0 = Release|Any CPU
		{4C615CB6-6DA1-4EEE-8FB9-B036E1863A8B}.Ad-Hoc|Any CPU.ActiveCfg = Release|x64
		{4C615CB6-6DA1-4EEE-8FB9-B036E1863A8B}.Ad-Hoc|Any CPU.Build.0 = Release|x64
		{4C615CB6-6DA1-4EEE-8FB9-B036E1863A8B}.Ad-Hoc|Any CPU.Deploy.0 = Release|x64
		{4C615CB6-6DA1-4EEE-8FB9-B036E1863A8B}.Ad-Hoc|ARM.ActiveCfg = Release|ARM
		{4C615CB6-6DA1-4EEE-8FB9-B036E1863A8B}.Ad-Hoc|ARM.Build.0 = Release|ARM
		{4C615CB6-6DA1-4EEE-8FB9-B036E1863A8B}.Ad-Hoc|ARM.Deploy.0 = Release|ARM
		{4C615CB6-6DA1-4EEE-8FB9-B036E1863A8B}.Ad-Hoc|ARM64.ActiveCfg = Release|ARM64
		{4C615CB6-6DA1-4EEE-8FB9-B036E1863A8B}.Ad-Hoc|ARM64.Build.0 = Release|ARM64
		{4C615CB6-6DA1-4EEE-8FB9-B036E1863A8B}.Ad-Hoc|ARM64.Deploy.0 = Release|ARM64
		{4C615CB6-6DA1-4EEE-8FB9-B036E1863A8B}.Ad-Hoc|iPhone.ActiveCfg = Release|x64
		{4C615CB6-6DA1-4EEE-8FB9-B036E1863A8B}.Ad-Hoc|iPhone.Build.0 = Release|x64
		{4C615CB6-6DA1-4EEE-8FB9-B036E1863A8B}.Ad-Hoc|iPhone.Deploy.0 = Release|x64
		{4C615CB6-6DA1-4EEE-8FB9-B036E1863A8B}.Ad-Hoc|iPhoneSimulator.ActiveCfg = Release|x64
		{4C615CB6-6DA1-4EEE-8FB9-B036E1863A8B}.Ad-Hoc|iPhoneSimulator.Build.0 = Release|x64
		{4C615CB6-6DA1-4EEE-8FB9-B036E1863A8B}.Ad-Hoc|iPhoneSimulator.Deploy.0 = Release|x64
		{4C615CB6-6DA1-4EEE-8FB9-B036E1863A8B}.Ad-Hoc|x64.ActiveCfg = Release|x64
		{4C615CB6-6DA1-4EEE-8FB9-B036E1863A8B}.Ad-Hoc|x64.Build.0 = Release|x64
		{4C615CB6-6DA1-4EEE-8FB9-B036E1863A8B}.Ad-Hoc|x64.Deploy.0 = Release|x64
		{4C615CB6-6DA1-4EEE-8FB9-B036E1863A8B}.Ad-Hoc|x86.ActiveCfg = Release|x86
		{4C615CB6-6DA1-4EEE-8FB9-B036E1863A8B}.Ad-Hoc|x86.Build.0 = Release|x86
		{4C615CB6-6DA1-4EEE-8FB9-B036E1863A8B}.Ad-Hoc|x86.Deploy.0 = Release|x86
		{4C615CB6-6DA1-4EEE-8FB9-B036E1863A8B}.AppStore|Any CPU.ActiveCfg = Release|x64
		{4C615CB6-6DA1-4EEE-8FB9-B036E1863A8B}.AppStore|Any CPU.Build.0 = Release|x64
		{4C615CB6-6DA1-4EEE-8FB9-B036E1863A8B}.AppStore|Any CPU.Deploy.0 = Release|x64
		{4C615CB6-6DA1-4EEE-8FB9-B036E1863A8B}.AppStore|ARM.ActiveCfg = Release|ARM
		{4C615CB6-6DA1-4EEE-8FB9-B036E1863A8B}.AppStore|ARM.Build.0 = Release|ARM
		{4C615CB6-6DA1-4EEE-8FB9-B036E1863A8B}.AppStore|ARM.Deploy.0 = Release|ARM
		{4C615CB6-6DA1-4EEE-8FB9-B036E1863A8B}.AppStore|ARM64.ActiveCfg = Release|ARM64
		{4C615CB6-6DA1-4EEE-8FB9-B036E1863A8B}.AppStore|ARM64.Build.0 = Release|ARM64
		{4C615CB6-6DA1-4EEE-8FB9-B036E1863A8B}.AppStore|ARM64.Deploy.0 = Release|ARM64
		{4C615CB6-6DA1-4EEE-8FB9-B036E1863A8B}.AppStore|iPhone.ActiveCfg = Release|x64
		{4C615CB6-6DA1-4EEE-8FB9-B036E1863A8B}.AppStore|iPhone.Build.0 = Release|x64
		{4C615CB6-6DA1-4EEE-8FB9-B036E1863A8B}.AppStore|iPhone.Deploy.0 = Release|x64
		{4C615CB6-6DA1-4EEE-8FB9-B036E1863A8B}.AppStore|iPhoneSimulator.ActiveCfg = Release|x64
		{4C615CB6-6DA1-4EEE-8FB9-B036E1863A8B}.AppStore|iPhoneSimulator.Build.0 = Release|x64
		{4C615CB6-6DA1-4EEE-8FB9-B036E1863A8B}.AppStore|iPhoneSimulator.Deploy.0 = Release|x64
		{4C615CB6-6DA1-4EEE-8FB9-B036E1863A8B}.AppStore|x64.ActiveCfg = Release|x64
		{4C615CB6-6DA1-4EEE-8FB9-B036E1863A8B}.AppStore|x64.Build.0 = Release|x64
		{4C615CB6-6DA1-4EEE-8FB9-B036E1863A8B}.AppStore|x64.Deploy.0 = Release|x64
		{4C615CB6-6DA1-4EEE-8FB9-B036E1863A8B}.AppStore|x86.ActiveCfg = Release|x86
		{4C615CB6-6DA1-4EEE-8FB9-B036E1863A8B}.AppStore|x86.Build.0 = Release|x86
		{4C615CB6-6DA1-4EEE-8FB9-B036E1863A8B}.AppStore|x86.Deploy.0 = Release|x86
		{4C615CB6-6DA1-4EEE-8FB9-B036E1863A8B}.Debug|Any CPU.ActiveCfg = Debug|x86
		{4C615CB6-6DA1-4EEE-8FB9-B036E1863A8B}.Debug|ARM.ActiveCfg = Debug|ARM
		{4C615CB6-6DA1-4EEE-8FB9-B036E1863A8B}.Debug|ARM.Build.0 = Debug|ARM
		{4C615CB6-6DA1-4EEE-8FB9-B036E1863A8B}.Debug|ARM.Deploy.0 = Debug|ARM
		{4C615CB6-6DA1-4EEE-8FB9-B036E1863A8B}.Debug|ARM64.ActiveCfg = Debug|ARM64
		{4C615CB6-6DA1-4EEE-8FB9-B036E1863A8B}.Debug|ARM64.Build.0 = Debug|ARM64
		{4C615CB6-6DA1-4EEE-8FB9-B036E1863A8B}.Debug|ARM64.Deploy.0 = Debug|ARM64
		{4C615CB6-6DA1-4EEE-8FB9-B036E1863A8B}.Debug|iPhone.ActiveCfg = Debug|x86
		{4C615CB6-6DA1-4EEE-8FB9-B036E1863A8B}.Debug|iPhoneSimulator.ActiveCfg = Debug|x86
		{4C615CB6-6DA1-4EEE-8FB9-B036E1863A8B}.Debug|x64.ActiveCfg = Debug|x64
		{4C615CB6-6DA1-4EEE-8FB9-B036E1863A8B}.Debug|x64.Build.0 = Debug|x64
		{4C615CB6-6DA1-4EEE-8FB9-B036E1863A8B}.Debug|x64.Deploy.0 = Debug|x64
		{4C615CB6-6DA1-4EEE-8FB9-B036E1863A8B}.Debug|x86.ActiveCfg = Debug|x86
		{4C615CB6-6DA1-4EEE-8FB9-B036E1863A8B}.Debug|x86.Build.0 = Debug|x86
		{4C615CB6-6DA1-4EEE-8FB9-B036E1863A8B}.Debug|x86.Deploy.0 = Debug|x86
		{4C615CB6-6DA1-4EEE-8FB9-B036E1863A8B}.Release|Any CPU.ActiveCfg = Release|x86
		{4C615CB6-6DA1-4EEE-8FB9-B036E1863A8B}.Release|ARM.ActiveCfg = Release|ARM
		{4C615CB6-6DA1-4EEE-8FB9-B036E1863A8B}.Release|ARM.Build.0 = Release|ARM
		{4C615CB6-6DA1-4EEE-8FB9-B036E1863A8B}.Release|ARM.Deploy.0 = Release|ARM
		{4C615CB6-6DA1-4EEE-8FB9-B036E1863A8B}.Release|ARM64.ActiveCfg = Release|ARM64
		{4C615CB6-6DA1-4EEE-8FB9-B036E1863A8B}.Release|ARM64.Build.0 = Release|ARM64
		{4C615CB6-6DA1-4EEE-8FB9-B036E1863A8B}.Release|ARM64.Deploy.0 = Release|ARM64
		{4C615CB6-6DA1-4EEE-8FB9-B036E1863A8B}.Release|iPhone.ActiveCfg = Release|x86
		{4C615CB6-6DA1-4EEE-8FB9-B036E1863A8B}.Release|iPhoneSimulator.ActiveCfg = Release|x86
		{4C615CB6-6DA1-4EEE-8FB9-B036E1863A8B}.Release|x64.ActiveCfg = Release|x64
		{4C615CB6-6DA1-4EEE-8FB9-B036E1863A8B}.Release|x64.Build.0 = Release|x64
		{4C615CB6-6DA1-4EEE-8FB9-B036E1863A8B}.Release|x64.Deploy.0 = Release|x64
		{4C615CB6-6DA1-4EEE-8FB9-B036E1863A8B}.Release|x86.ActiveCfg = Release|x86
		{4C615CB6-6DA1-4EEE-8FB9-B036E1863A8B}.Release|x86.Build.0 = Release|x86
		{4C615CB6-6DA1-4EEE-8FB9-B036E1863A8B}.Release|x86.Deploy.0 = Release|x86
	EndGlobalSection
	GlobalSection(SolutionProperties) = preSolution
		HideSolutionNode = FALSE
	EndGlobalSection
	GlobalSection(ExtensibilityGlobals) = postSolution
		SolutionGuid = {F6D05029-56B8-4E45-AF2D-0E76295DDBA2}
	EndGlobalSection
EndGlobal
